// !$*UTF8*$!
{
	archiveVersion = 1;
	classes = {
	};
	objectVersion = 77;
	objects = {

/* Begin PBXContainerItemProxy section */
		B15DCF402CFBAC680056B423 /* PBXContainerItemProxy */ = {
			isa = PBXContainerItemProxy;
			containerPortal = B15DCF222CFBAC620056B423 /* Project object */;
			proxyType = 1;
			remoteGlobalIDString = B15DCF292CFBAC620056B423;
			remoteInfo = Artifex;
		};
		B15DCF4A2CFBAC680056B423 /* PBXContainerItemProxy */ = {
			isa = PBXContainerItemProxy;
			containerPortal = B15DCF222CFBAC620056B423 /* Project object */;
			proxyType = 1;
			remoteGlobalIDString = B15DCF292CFBAC620056B423;
			remoteInfo = Artifex;
		};
/* End PBXContainerItemProxy section */

/* Begin PBXFileReference section */
		B15DCF2A2CFBAC620056B423 /* Artifex.app */ = {isa = PBXFileReference; explicitFileType = wrapper.application; includeInIndex = 0; path = Artifex.app; sourceTree = BUILT_PRODUCTS_DIR; };
		B15DCF3F2CFBAC680056B423 /* ArtifexTests.xctest */ = {isa = PBXFileReference; explicitFileType = wrapper.cfbundle; includeInIndex = 0; path = ArtifexTests.xctest; sourceTree = BUILT_PRODUCTS_DIR; };
		B15DCF492CFBAC680056B423 /* ArtifexUITests.xctest */ = {isa = PBXFileReference; explicitFileType = wrapper.cfbundle; includeInIndex = 0; path = ArtifexUITests.xctest; sourceTree = BUILT_PRODUCTS_DIR; };
/* End PBXFileReference section */

/* Begin PBXFileSystemSynchronizedRootGroup section */
		B15DCF2C2CFBAC620056B423 /* Artifex */ = {
			isa = PBXFileSystemSynchronizedRootGroup;
			path = Artifex;
			sourceTree = "<group>";
		};
		B15DCF422CFBAC680056B423 /* ArtifexTests */ = {
			isa = PBXFileSystemSynchronizedRootGroup;
			path = ArtifexTests;
			sourceTree = "<group>";
		};
		B15DCF4C2CFBAC680056B423 /* ArtifexUITests */ = {
			isa = PBXFileSystemSynchronizedRootGroup;
			path = ArtifexUITests;
			sourceTree = "<group>";
		};
/* End PBXFileSystemSynchronizedRootGroup section */

/* Begin PBXFrameworksBuildPhase section */
		B15DCF272CFBAC620056B423 /* Frameworks */ = {
			isa = PBXFrameworksBuildPhase;
			buildActionMask = 2147483647;
			files = (
			);
			runOnlyForDeploymentPostprocessing = 0;
		};
		B15DCF3C2CFBAC680056B423 /* Frameworks */ = {
			isa = PBXFrameworksBuildPhase;
			buildActionMask = 2147483647;
			files = (
			);
			runOnlyForDeploymentPostprocessing = 0;
		};
		B15DCF462CFBAC680056B423 /* Frameworks */ = {
			isa = PBXFrameworksBuildPhase;
			buildActionMask = 2147483647;
			files = (
			);
			runOnlyForDeploymentPostprocessing = 0;
		};
/* End PBXFrameworksBuildPhase section */

/* Begin PBXGroup section */
		B15DCF212CFBAC620056B423 = {
			isa = PBXGroup;
			children = (
				B15DCF2C2CFBAC620056B423 /* Artifex */,
				B15DCF422CFBAC680056B423 /* ArtifexTests */,
				B15DCF4C2CFBAC680056B423 /* ArtifexUITests */,
				B1E657E22CFBDC160068B2C9 /* Frameworks */,
				B15DCF2B2CFBAC620056B423 /* Products */,
			);
			sourceTree = "<group>";
		};
		B15DCF2B2CFBAC620056B423 /* Products */ = {
			isa = PBXGroup;
			children = (
				B15DCF2A2CFBAC620056B423 /* Artifex.app */,
				B15DCF3F2CFBAC680056B423 /* ArtifexTests.xctest */,
				B15DCF492CFBAC680056B423 /* ArtifexUITests.xctest */,
			);
			name = Products;
			sourceTree = "<group>";
		};
		B1E657E22CFBDC160068B2C9 /* Frameworks */ = {
			isa = PBXGroup;
			children = (
			);
			name = Frameworks;
			sourceTree = "<group>";
		};
/* End PBXGroup section */

/* Begin PBXNativeTarget section */
		B15DCF292CFBAC620056B423 /* Artifex */ = {
			isa = PBXNativeTarget;
			buildConfigurationList = B15DCF532CFBAC680056B423 /* Build configuration list for PBXNativeTarget "Artifex" */;
			buildPhases = (
				B15DCF262CFBAC620056B423 /* Sources */,
				B15DCF272CFBAC620056B423 /* Frameworks */,
				B15DCF282CFBAC620056B423 /* Resources */,
			);
			buildRules = (
			);
			dependencies = (
			);
			fileSystemSynchronizedGroups = (
				B15DCF2C2CFBAC620056B423 /* Artifex */,
			);
			name = Artifex;
			packageProductDependencies = (
			);
			productName = Artifex;
			productReference = B15DCF2A2CFBAC620056B423 /* Artifex.app */;
			productType = "com.apple.product-type.application";
		};
		B15DCF3E2CFBAC680056B423 /* ArtifexTests */ = {
			isa = PBXNativeTarget;
			buildConfigurationList = B15DCF562CFBAC680056B423 /* Build configuration list for PBXNativeTarget "ArtifexTests" */;
			buildPhases = (
				B15DCF3B2CFBAC680056B423 /* Sources */,
				B15DCF3C2CFBAC680056B423 /* Frameworks */,
				B15DCF3D2CFBAC680056B423 /* Resources */,
			);
			buildRules = (
			);
			dependencies = (
				B15DCF412CFBAC680056B423 /* PBXTargetDependency */,
			);
			fileSystemSynchronizedGroups = (
				B15DCF422CFBAC680056B423 /* ArtifexTests */,
			);
			name = ArtifexTests;
			packageProductDependencies = (
			);
			productName = ArtifexTests;
			productReference = B15DCF3F2CFBAC680056B423 /* ArtifexTests.xctest */;
			productType = "com.apple.product-type.bundle.unit-test";
		};
		B15DCF482CFBAC680056B423 /* ArtifexUITests */ = {
			isa = PBXNativeTarget;
			buildConfigurationList = B15DCF592CFBAC680056B423 /* Build configuration list for PBXNativeTarget "ArtifexUITests" */;
			buildPhases = (
				B15DCF452CFBAC680056B423 /* Sources */,
				B15DCF462CFBAC680056B423 /* Frameworks */,
				B15DCF472CFBAC680056B423 /* Resources */,
			);
			buildRules = (
			);
			dependencies = (
				B15DCF4B2CFBAC680056B423 /* PBXTargetDependency */,
			);
			fileSystemSynchronizedGroups = (
				B15DCF4C2CFBAC680056B423 /* ArtifexUITests */,
			);
			name = ArtifexUITests;
			packageProductDependencies = (
			);
			productName = ArtifexUITests;
			productReference = B15DCF492CFBAC680056B423 /* ArtifexUITests.xctest */;
			productType = "com.apple.product-type.bundle.ui-testing";
		};
/* End PBXNativeTarget section */

/* Begin PBXProject section */
		B15DCF222CFBAC620056B423 /* Project object */ = {
			isa = PBXProject;
			attributes = {
				BuildIndependentTargetsInParallel = 1;
				LastSwiftUpdateCheck = 1610;
				LastUpgradeCheck = 1610;
				TargetAttributes = {
					B15DCF292CFBAC620056B423 = {
						CreatedOnToolsVersion = 16.1;
					};
					B15DCF3E2CFBAC680056B423 = {
						CreatedOnToolsVersion = 16.1;
						TestTargetID = B15DCF292CFBAC620056B423;
					};
					B15DCF482CFBAC680056B423 = {
						CreatedOnToolsVersion = 16.1;
						TestTargetID = B15DCF292CFBAC620056B423;
					};
				};
			};
			buildConfigurationList = B15DCF252CFBAC620056B423 /* Build configuration list for PBXProject "Artifex" */;
			developmentRegion = en;
			hasScannedForEncodings = 0;
			knownRegions = (
				en,
				Base,
			);
			mainGroup = B15DCF212CFBAC620056B423;
			minimizedProjectReferenceProxies = 1;
			preferredProjectObjectVersion = 77;
			productRefGroup = B15DCF2B2CFBAC620056B423 /* Products */;
			projectDirPath = "";
			projectRoot = "";
			targets = (
				B15DCF292CFBAC620056B423 /* Artifex */,
				B15DCF3E2CFBAC680056B423 /* ArtifexTests */,
				B15DCF482CFBAC680056B423 /* ArtifexUITests */,
			);
		};
/* End PBXProject section */

/* Begin PBXResourcesBuildPhase section */
		B15DCF282CFBAC620056B423 /* Resources */ = {
			isa = PBXResourcesBuildPhase;
			buildActionMask = 2147483647;
			files = (
			);
			runOnlyForDeploymentPostprocessing = 0;
		};
		B15DCF3D2CFBAC680056B423 /* Resources */ = {
			isa = PBXResourcesBuildPhase;
			buildActionMask = 2147483647;
			files = (
			);
			runOnlyForDeploymentPostprocessing = 0;
		};
		B15DCF472CFBAC680056B423 /* Resources */ = {
			isa = PBXResourcesBuildPhase;
			buildActionMask = 2147483647;
			files = (
			);
			runOnlyForDeploymentPostprocessing = 0;
		};
/* End PBXResourcesBuildPhase section */

/* Begin PBXSourcesBuildPhase section */
		B15DCF262CFBAC620056B423 /* Sources */ = {
			isa = PBXSourcesBuildPhase;
			buildActionMask = 2147483647;
			files = (
			);
			runOnlyForDeploymentPostprocessing = 0;
		};
		B15DCF3B2CFBAC680056B423 /* Sources */ = {
			isa = PBXSourcesBuildPhase;
			buildActionMask = 2147483647;
			files = (
			);
			runOnlyForDeploymentPostprocessing = 0;
		};
		B15DCF452CFBAC680056B423 /* Sources */ = {
			isa = PBXSourcesBuildPhase;
			buildActionMask = 2147483647;
			files = (
			);
			runOnlyForDeploymentPostprocessing = 0;
		};
/* End PBXSourcesBuildPhase section */

/* Begin PBXTargetDependency section */
		B15DCF412CFBAC680056B423 /* PBXTargetDependency */ = {
			isa = PBXTargetDependency;
			target = B15DCF292CFBAC620056B423 /* Artifex */;
			targetProxy = B15DCF402CFBAC680056B423 /* PBXContainerItemProxy */;
		};
		B15DCF4B2CFBAC680056B423 /* PBXTargetDependency */ = {
			isa = PBXTargetDependency;
			target = B15DCF292CFBAC620056B423 /* Artifex */;
			targetProxy = B15DCF4A2CFBAC680056B423 /* PBXContainerItemProxy */;
		};
/* End PBXTargetDependency section */

/* Begin XCBuildConfiguration section */
		B15DCF512CFBAC680056B423 /* Debug */ = {
			isa = XCBuildConfiguration;
			buildSettings = {
				ALWAYS_SEARCH_USER_PATHS = NO;
				ASSETCATALOG_COMPILER_GENERATE_SWIFT_ASSET_SYMBOL_EXTENSIONS = YES;
				CLANG_ANALYZER_NONNULL = YES;
				CLANG_ANALYZER_NUMBER_OBJECT_CONVERSION = YES_AGGRESSIVE;
				CLANG_CXX_LANGUAGE_STANDARD = "gnu++20";
				CLANG_ENABLE_MODULES = YES;
				CLANG_ENABLE_OBJC_ARC = YES;
				CLANG_ENABLE_OBJC_WEAK = YES;
				CLANG_WARN_BLOCK_CAPTURE_AUTORELEASING = YES;
				CLANG_WARN_BOOL_CONVERSION = YES;
				CLANG_WARN_COMMA = YES;
				CLANG_WARN_CONSTANT_CONVERSION = YES;
				CLANG_WARN_DEPRECATED_OBJC_IMPLEMENTATIONS = YES;
				CLANG_WARN_DIRECT_OBJC_ISA_USAGE = YES_ERROR;
				CLANG_WARN_DOCUMENTATION_COMMENTS = YES;
				CLANG_WARN_EMPTY_BODY = YES;
				CLANG_WARN_ENUM_CONVERSION = YES;
				CLANG_WARN_INFINITE_RECURSION = YES;
				CLANG_WARN_INT_CONVERSION = YES;
				CLANG_WARN_NON_LITERAL_NULL_CONVERSION = YES;
				CLANG_WARN_OBJC_IMPLICIT_RETAIN_SELF = YES;
				CLANG_WARN_OBJC_LITERAL_CONVERSION = YES;
				CLANG_WARN_OBJC_ROOT_CLASS = YES_ERROR;
				CLANG_WARN_QUOTED_INCLUDE_IN_FRAMEWORK_HEADER = YES;
				CLANG_WARN_RANGE_LOOP_ANALYSIS = YES;
				CLANG_WARN_STRICT_PROTOTYPES = YES;
				CLANG_WARN_SUSPICIOUS_MOVE = YES;
				CLANG_WARN_UNGUARDED_AVAILABILITY = YES_AGGRESSIVE;
				CLANG_WARN_UNREACHABLE_CODE = YES;
				CLANG_WARN__DUPLICATE_METHOD_MATCH = YES;
				COPY_PHASE_STRIP = NO;
				DEBUG_INFORMATION_FORMAT = dwarf;
				ENABLE_STRICT_OBJC_MSGSEND = YES;
				ENABLE_TESTABILITY = YES;
				ENABLE_USER_SCRIPT_SANDBOXING = YES;
				GCC_C_LANGUAGE_STANDARD = gnu17;
				GCC_DYNAMIC_NO_PIC = NO;
				GCC_NO_COMMON_BLOCKS = YES;
				GCC_OPTIMIZATION_LEVEL = 0;
				GCC_PREPROCESSOR_DEFINITIONS = (
					"DEBUG=1",
					"$(inherited)",
				);
				GCC_WARN_64_TO_32_BIT_CONVERSION = YES;
				GCC_WARN_ABOUT_RETURN_TYPE = YES_ERROR;
				GCC_WARN_UNDECLARED_SELECTOR = YES;
				GCC_WARN_UNINITIALIZED_AUTOS = YES_AGGRESSIVE;
				GCC_WARN_UNUSED_FUNCTION = YES;
				GCC_WARN_UNUSED_VARIABLE = YES;
				IPHONEOS_DEPLOYMENT_TARGET = 18.1;
				LOCALIZATION_PREFERS_STRING_CATALOGS = YES;
				MTL_ENABLE_DEBUG_INFO = INCLUDE_SOURCE;
				MTL_FAST_MATH = YES;
				ONLY_ACTIVE_ARCH = YES;
				SDKROOT = iphoneos;
				SWIFT_ACTIVE_COMPILATION_CONDITIONS = "DEBUG $(inherited)";
				SWIFT_OPTIMIZATION_LEVEL = "-Onone";
			};
			name = Debug;
		};
		B15DCF522CFBAC680056B423 /* Release */ = {
			isa = XCBuildConfiguration;
			buildSettings = {
				ALWAYS_SEARCH_USER_PATHS = NO;
				ASSETCATALOG_COMPILER_GENERATE_SWIFT_ASSET_SYMBOL_EXTENSIONS = YES;
				CLANG_ANALYZER_NONNULL = YES;
				CLANG_ANALYZER_NUMBER_OBJECT_CONVERSION = YES_AGGRESSIVE;
				CLANG_CXX_LANGUAGE_STANDARD = "gnu++20";
				CLANG_ENABLE_MODULES = YES;
				CLANG_ENABLE_OBJC_ARC = YES;
				CLANG_ENABLE_OBJC_WEAK = YES;
				CLANG_WARN_BLOCK_CAPTURE_AUTORELEASING = YES;
				CLANG_WARN_BOOL_CONVERSION = YES;
				CLANG_WARN_COMMA = YES;
				CLANG_WARN_CONSTANT_CONVERSION = YES;
				CLANG_WARN_DEPRECATED_OBJC_IMPLEMENTATIONS = YES;
				CLANG_WARN_DIRECT_OBJC_ISA_USAGE = YES_ERROR;
				CLANG_WARN_DOCUMENTATION_COMMENTS = YES;
				CLANG_WARN_EMPTY_BODY = YES;
				CLANG_WARN_ENUM_CONVERSION = YES;
				CLANG_WARN_INFINITE_RECURSION = YES;
				CLANG_WARN_INT_CONVERSION = YES;
				CLANG_WARN_NON_LITERAL_NULL_CONVERSION = YES;
				CLANG_WARN_OBJC_IMPLICIT_RETAIN_SELF = YES;
				CLANG_WARN_OBJC_LITERAL_CONVERSION = YES;
				CLANG_WARN_OBJC_ROOT_CLASS = YES_ERROR;
				CLANG_WARN_QUOTED_INCLUDE_IN_FRAMEWORK_HEADER = YES;
				CLANG_WARN_RANGE_LOOP_ANALYSIS = YES;
				CLANG_WARN_STRICT_PROTOTYPES = YES;
				CLANG_WARN_SUSPICIOUS_MOVE = YES;
				CLANG_WARN_UNGUARDED_AVAILABILITY = YES_AGGRESSIVE;
				CLANG_WARN_UNREACHABLE_CODE = YES;
				CLANG_WARN__DUPLICATE_METHOD_MATCH = YES;
				COPY_PHASE_STRIP = NO;
				DEBUG_INFORMATION_FORMAT = "dwarf-with-dsym";
				ENABLE_NS_ASSERTIONS = NO;
				ENABLE_STRICT_OBJC_MSGSEND = YES;
				ENABLE_USER_SCRIPT_SANDBOXING = YES;
				GCC_C_LANGUAGE_STANDARD = gnu17;
				GCC_NO_COMMON_BLOCKS = YES;
				GCC_WARN_64_TO_32_BIT_CONVERSION = YES;
				GCC_WARN_ABOUT_RETURN_TYPE = YES_ERROR;
				GCC_WARN_UNDECLARED_SELECTOR = YES;
				GCC_WARN_UNINITIALIZED_AUTOS = YES_AGGRESSIVE;
				GCC_WARN_UNUSED_FUNCTION = YES;
				GCC_WARN_UNUSED_VARIABLE = YES;
				IPHONEOS_DEPLOYMENT_TARGET = 18.1;
				LOCALIZATION_PREFERS_STRING_CATALOGS = YES;
				MTL_ENABLE_DEBUG_INFO = NO;
				MTL_FAST_MATH = YES;
				SDKROOT = iphoneos;
				SWIFT_COMPILATION_MODE = wholemodule;
				VALIDATE_PRODUCT = YES;
			};
			name = Release;
		};
		B15DCF542CFBAC680056B423 /* Debug */ = {
			isa = XCBuildConfiguration;
			buildSettings = {
				ASSETCATALOG_COMPILER_APPICON_NAME = AppIcon;
				ASSETCATALOG_COMPILER_GLOBAL_ACCENT_COLOR_NAME = AccentColor;
				CODE_SIGN_STYLE = Automatic;
				CURRENT_PROJECT_VERSION = 1;
				DEVELOPMENT_ASSET_PATHS = "\"Artifex/Preview Content\"";
				DEVELOPMENT_TEAM = BF54G2BDAR;
				ENABLE_PREVIEWS = YES;
				GENERATE_INFOPLIST_FILE = YES;
				INFOPLIST_KEY_UIApplicationSceneManifest_Generation = YES;
				INFOPLIST_KEY_UIApplicationSupportsIndirectInputEvents = YES;
				INFOPLIST_KEY_UILaunchScreen_Generation = YES;
				INFOPLIST_KEY_UISupportedInterfaceOrientations_iPad = "UIInterfaceOrientationPortrait UIInterfaceOrientationPortraitUpsideDown UIInterfaceOrientationLandscapeLeft UIInterfaceOrientationLandscapeRight";
				INFOPLIST_KEY_UISupportedInterfaceOrientations_iPhone = "UIInterfaceOrientationPortrait UIInterfaceOrientationLandscapeLeft UIInterfaceOrientationLandscapeRight";
				IPHONEOS_DEPLOYMENT_TARGET = 18.0;
				LD_RUNPATH_SEARCH_PATHS = (
					"$(inherited)",
					"@executable_path/Frameworks",
				);
				MARKETING_VERSION = 1.0;
				PRODUCT_BUNDLE_IDENTIFIER = io.artifexstudio.Artifex;
				PRODUCT_NAME = "$(TARGET_NAME)";
				SWIFT_EMIT_LOC_STRINGS = YES;
				SWIFT_VERSION = 5.0;
				TARGETED_DEVICE_FAMILY = "1,2";
			};
			name = Debug;
		};
		B15DCF552CFBAC680056B423 /* Release */ = {
			isa = XCBuildConfiguration;
			buildSettings = {
				ASSETCATALOG_COMPILER_APPICON_NAME = AppIcon;
				ASSETCATALOG_COMPILER_GLOBAL_ACCENT_COLOR_NAME = AccentColor;
				CODE_SIGN_STYLE = Automatic;
				CURRENT_PROJECT_VERSION = 1;
				DEVELOPMENT_ASSET_PATHS = "\"Artifex/Preview Content\"";
				DEVELOPMENT_TEAM = BF54G2BDAR;
				ENABLE_PREVIEWS = YES;
				GENERATE_INFOPLIST_FILE = YES;
				INFOPLIST_KEY_UIApplicationSceneManifest_Generation = YES;
				INFOPLIST_KEY_UIApplicationSupportsIndirectInputEvents = YES;
				INFOPLIST_KEY_UILaunchScreen_Generation = YES;
				INFOPLIST_KEY_UISupportedInterfaceOrientations_iPad = "UIInterfaceOrientationPortrait UIInterfaceOrientationPortraitUpsideDown UIInterfaceOrientationLandscapeLeft UIInterfaceOrientationLandscapeRight";
				INFOPLIST_KEY_UISupportedInterfaceOrientations_iPhone = "UIInterfaceOrientationPortrait UIInterfaceOrientationLandscapeLeft UIInterfaceOrientationLandscapeRight";
				IPHONEOS_DEPLOYMENT_TARGET = 18.0;
				LD_RUNPATH_SEARCH_PATHS = (
					"$(inherited)",
					"@executable_path/Frameworks",
				);
				MARKETING_VERSION = 1.0;
				PRODUCT_BUNDLE_IDENTIFIER = io.artifexstudio.Artifex;
				PRODUCT_NAME = "$(TARGET_NAME)";
				SWIFT_EMIT_LOC_STRINGS = YES;
				SWIFT_VERSION = 5.0;
				TARGETED_DEVICE_FAMILY = "1,2";
			};
			name = Release;
		};
		B15DCF572CFBAC680056B423 /* Debug */ = {
			isa = XCBuildConfiguration;
			buildSettings = {
				BUNDLE_LOADER = "$(TEST_HOST)";
				CODE_SIGN_STYLE = Automatic;
				CURRENT_PROJECT_VERSION = 1;
				GENERATE_INFOPLIST_FILE = YES;
				IPHONEOS_DEPLOYMENT_TARGET = 18.1;
				MARKETING_VERSION = 1.0;
				PRODUCT_BUNDLE_IDENTIFIER = io.artifexstudio.ArtifexTests;
				PRODUCT_NAME = "$(TARGET_NAME)";
				SWIFT_EMIT_LOC_STRINGS = NO;
				SWIFT_VERSION = 5.0;
				TARGETED_DEVICE_FAMILY = "1,2";
				TEST_HOST = "$(BUILT_PRODUCTS_DIR)/Artifex.app/$(BUNDLE_EXECUTABLE_FOLDER_PATH)/Artifex";
			};
			name = Debug;
		};
		B15DCF582CFBAC680056B423 /* Release */ = {
			isa = XCBuildConfiguration;
			buildSettings = {
				BUNDLE_LOADER = "$(TEST_HOST)";
				CODE_SIGN_STYLE = Automatic;
				CURRENT_PROJECT_VERSION = 1;
				GENERATE_INFOPLIST_FILE = YES;
				IPHONEOS_DEPLOYMENT_TARGET = 18.1;
				MARKETING_VERSION = 1.0;
				PRODUCT_BUNDLE_IDENTIFIER = io.artifexstudio.ArtifexTests;
				PRODUCT_NAME = "$(TARGET_NAME)";
				SWIFT_EMIT_LOC_STRINGS = NO;
				SWIFT_VERSION = 5.0;
				TARGETED_DEVICE_FAMILY = "1,2";
				TEST_HOST = "$(BUILT_PRODUCTS_DIR)/Artifex.app/$(BUNDLE_EXECUTABLE_FOLDER_PATH)/Artifex";
			};
			name = Release;
		};
		B15DCF5A2CFBAC680056B423 /* Debug */ = {
			isa = XCBuildConfiguration;
			buildSettings = {
				CODE_SIGN_STYLE = Automatic;
				CURRENT_PROJECT_VERSION = 1;
				GENERATE_INFOPLIST_FILE = YES;
				MARKETING_VERSION = 1.0;
				PRODUCT_BUNDLE_IDENTIFIER = io.artifexstudio.ArtifexUITests;
				PRODUCT_NAME = "$(TARGET_NAME)";
				SWIFT_EMIT_LOC_STRINGS = NO;
				SWIFT_VERSION = 5.0;
				TARGETED_DEVICE_FAMILY = "1,2";
				TEST_TARGET_NAME = Artifex;
			};
			name = Debug;
		};
		B15DCF5B2CFBAC680056B423 /* Release */ = {
			isa = XCBuildConfiguration;
			buildSettings = {
				CODE_SIGN_STYLE = Automatic;
				CURRENT_PROJECT_VERSION = 1;
				GENERATE_INFOPLIST_FILE = YES;
				MARKETING_VERSION = 1.0;
				PRODUCT_BUNDLE_IDENTIFIER = io.artifexstudio.ArtifexUITests;
				PRODUCT_NAME = "$(TARGET_NAME)";
				SWIFT_EMIT_LOC_STRINGS = NO;
				SWIFT_VERSION = 5.0;
				TARGETED_DEVICE_FAMILY = "1,2";
				TEST_TARGET_NAME = Artifex;
			};
			name = Release;
		};
/* End XCBuildConfiguration section */

/* Begin XCConfigurationList section */
		B15DCF252CFBAC620056B423 /* Build configuration list for PBXProject "Artifex" */ = {
			isa = XCConfigurationList;
			buildConfigurations = (
				B15DCF512CFBAC680056B423 /* Debug */,
				B15DCF522CFBAC680056B423 /* Release */,
			);
			defaultConfigurationIsVisible = 0;
			defaultConfigurationName = Release;
		};
		B15DCF532CFBAC680056B423 /* Build configuration list for PBXNativeTarget "Artifex" */ = {
			isa = XCConfigurationList;
			buildConfigurations = (
				B15DCF542CFBAC680056B423 /* Debug */,
				B15DCF552CFBAC680056B423 /* Release */,
			);
			defaultConfigurationIsVisible = 0;
			defaultConfigurationName = Release;
		};
		B15DCF562CFBAC680056B423 /* Build configuration list for PBXNativeTarget "ArtifexTests" */ = {
			isa = XCConfigurationList;
			buildConfigurations = (
				B15DCF572CFBAC680056B423 /* Debug */,
				B15DCF582CFBAC680056B423 /* Release */,
			);
			defaultConfigurationIsVisible = 0;
			defaultConfigurationName = Release;
		};
		B15DCF592CFBAC680056B423 /* Build configuration list for PBXNativeTarget "ArtifexUITests" */ = {
			isa = XCConfigurationList;
			buildConfigurations = (
				B15DCF5A2CFBAC680056B423 /* Debug */,
				B15DCF5B2CFBAC680056B423 /* Release */,
			);
			defaultConfigurationIsVisible = 0;
			defaultConfigurationName = Release;
		};
/* End XCConfigurationList section */
	};
	rootObject = B15DCF222CFBAC620056B423 /* Project object */;
}
